
Microsoft Visual Studio Solution File, Format Version 12.00
# Visual Studio 2012
Project("{FAE04EC0-301F-11D3-BF4B-00C04F79EFBC}") = "PigLib", "PigLib\PigLib.csproj", "{DF6DD1A0-866C-4D4F-B022-4906E2674A12}"
EndProject
Project("{FAE04EC0-301F-11D3-BF4B-00C04F79EFBC}") = "PigClient", "PigClient\PigClient.csproj", "{C1163FC2-8E70-49DF-93CC-8CC16DD17C99}"
EndProject
Project("{FAE04EC0-301F-11D3-BF4B-00C04F79EFBC}") = "PigServer", "PigServer\PigServer.csproj", "{E6D4F553-3150-43D6-A102-B09C7D0BF23D}"
EndProject
Global
	GlobalSection(SolutionConfigurationPlatforms) = preSolution
		Debug|Any CPU = Debug|Any CPU
		Release|Any CPU = Release|Any CPU
	EndGlobalSection
	GlobalSection(ProjectConfigurationPlatforms) = postSolution
		{DF6DD1A0-866C-4D4F-B022-4906E2674A12}.Debug|Any CPU.ActiveCfg = Debug|Any CPU
		{DF6DD1A0-866C-4D4F-B022-4906E2674A12}.Debug|Any CPU.Build.0 = Debug|Any CPU
		{DF6DD1A0-866C-4D4F-B022-4906E2674A12}.Release|Any CPU.ActiveCfg = Release|Any CPU
		{DF6DD1A0-866C-4D4F-B022-4906E2674A12}.Release|Any CPU.Build.0 = Release|Any CPU
		{C1163FC2-8E70-49DF-93CC-8CC16DD17C99}.Debug|Any CPU.ActiveCfg = Debug|Any CPU
		{C1163FC2-8E70-49DF-93CC-8CC16DD17C99}.Debug|Any CPU.Build.0 = Debug|Any CPU
		{C1163FC2-8E70-49DF-93CC-8CC16DD17C99}.Release|Any CPU.ActiveCfg = Release|Any CPU
		{C1163FC2-8E70-49DF-93CC-8CC16DD17C99}.Release|Any CPU.Build.0 = Release|Any CPU
		{E6D4F553-3150-43D6-A102-B09C7D0BF23D}.Debug|Any CPU.ActiveCfg = Debug|Any CPU
		{E6D4F553-3150-43D6-A102-B09C7D0BF23D}.Debug|Any CPU.Build.0 = Debug|Any CPU
		{E6D4F553-3150-43D6-A102-B09C7D0BF23D}.Release|Any CPU.ActiveCfg = Release|Any CPU
		{E6D4F553-3150-43D6-A102-B09C7D0BF23D}.Release|Any CPU.Build.0 = Release|Any CPU
	EndGlobalSection
	GlobalSection(SolutionProperties) = preSolution
		HideSolutionNode = FALSE
	EndGlobalSection
EndGlobal
